{
  "pins" : [
    {
      "identity" : "components-ios",
      "kind" : "remoteSourceControl",
      "location" : "https://github.com/joyfill/components-ios.git",
      "state" : {
        "revision" : "c1ad4d81995783342d590751c35a115f67867bf0",
        "version" : "0.2.6"
      }
    }
  ],
  "version" : 2
}
